
Microsoft Visual Studio Solution File, Format Version 12.00
# Visual Studio Version 17
VisualStudioVersion = 17.7.34221.43
MinimumVisualStudioVersion = 10.0.40219.1
Project("{9A19103F-16F7-4668-BE54-9A1E7A4F7556}") = "AssessmentProject.Persons", "AssessmentProject.Persons\AssessmentProject.Persons.csproj", "{95215533-AC3F-4F3B-8AD8-FE30F080C92D}"
EndProject
Project("{9A19103F-16F7-4668-BE54-9A1E7A4F7556}") = "AssessmentProject.Report", "AssessmentProject.Report\AssessmentProject.Report.csproj", "{D0C6300A-D729-433F-A52A-20ECE5D299C6}"
EndProject
Project("{9A19103F-16F7-4668-BE54-9A1E7A4F7556}") = "EntityLayer", "EntityLayer\EntityLayer.csproj", "{84D4381B-A8B9-40CC-BF7F-BBAC76B48C20}"
EndProject
Project("{9A19103F-16F7-4668-BE54-9A1E7A4F7556}") = "DataAccessLayer", "DataAccessLayer\DataAccessLayer.csproj", "{D6F0AC69-3F4F-47F7-99D0-8FF7EAA86915}"
EndProject
Project("{FAE04EC0-301F-11D3-BF4B-00C04F79EFBC}") = "AssessmentProject.Test", "AssessmentProject.Test\AssessmentProject.Test.csproj", "{EA9F1104-7A91-44BE-8474-D0EA7E495F0B}"
EndProject
Global
	GlobalSection(SolutionConfigurationPlatforms) = preSolution
		Debug|Any CPU = Debug|Any CPU
		Release|Any CPU = Release|Any CPU
	EndGlobalSection
	GlobalSection(ProjectConfigurationPlatforms) = postSolution
		{95215533-AC3F-4F3B-8AD8-FE30F080C92D}.Debug|Any CPU.ActiveCfg = Debug|Any CPU
		{95215533-AC3F-4F3B-8AD8-FE30F080C92D}.Debug|Any CPU.Build.0 = Debug|Any CPU
		{95215533-AC3F-4F3B-8AD8-FE30F080C92D}.Release|Any CPU.ActiveCfg = Release|Any CPU
		{95215533-AC3F-4F3B-8AD8-FE30F080C92D}.Release|Any CPU.Build.0 = Release|Any CPU
		{D0C6300A-D729-433F-A52A-20ECE5D299C6}.Debug|Any CPU.ActiveCfg = Debug|Any CPU
		{D0C6300A-D729-433F-A52A-20ECE5D299C6}.Debug|Any CPU.Build.0 = Debug|Any CPU
		{D0C6300A-D729-433F-A52A-20ECE5D299C6}.Release|Any CPU.ActiveCfg = Release|Any CPU
		{D0C6300A-D729-433F-A52A-20ECE5D299C6}.Release|Any CPU.Build.0 = Release|Any CPU
		{84D4381B-A8B9-40CC-BF7F-BBAC76B48C20}.Debug|Any CPU.ActiveCfg = Debug|Any CPU
		{84D4381B-A8B9-40CC-BF7F-BBAC76B48C20}.Debug|Any CPU.Build.0 = Debug|Any CPU
		{84D4381B-A8B9-40CC-BF7F-BBAC76B48C20}.Release|Any CPU.ActiveCfg = Release|Any CPU
		{84D4381B-A8B9-40CC-BF7F-BBAC76B48C20}.Release|Any CPU.Build.0 = Release|Any CPU
		{D6F0AC69-3F4F-47F7-99D0-8FF7EAA86915}.Debug|Any CPU.ActiveCfg = Debug|Any CPU
		{D6F0AC69-3F4F-47F7-99D0-8FF7EAA86915}.Debug|Any CPU.Build.0 = Debug|Any CPU
		{D6F0AC69-3F4F-47F7-99D0-8FF7EAA86915}.Release|Any CPU.ActiveCfg = Release|Any CPU
		{D6F0AC69-3F4F-47F7-99D0-8FF7EAA86915}.Release|Any CPU.Build.0 = Release|Any CPU
		{EA9F1104-7A91-44BE-8474-D0EA7E495F0B}.Debug|Any CPU.ActiveCfg = Debug|Any CPU
		{EA9F1104-7A91-44BE-8474-D0EA7E495F0B}.Debug|Any CPU.Build.0 = Debug|Any CPU
		{EA9F1104-7A91-44BE-8474-D0EA7E495F0B}.Release|Any CPU.ActiveCfg = Release|Any CPU
		{EA9F1104-7A91-44BE-8474-D0EA7E495F0B}.Release|Any CPU.Build.0 = Release|Any CPU
	EndGlobalSection
	GlobalSection(SolutionProperties) = preSolution
		HideSolutionNode = FALSE
	EndGlobalSection
	GlobalSection(ExtensibilityGlobals) = postSolution
		SolutionGuid = {9FD6D07F-3208-4CCD-9F25-10EE38D8B4BB}
	EndGlobalSection
EndGlobal
